
Microsoft Visual Studio Solution File, Format Version 12.00
# Visual Studio Version 17
VisualStudioVersion = 17.3.32929.385
MinimumVisualStudioVersion = 10.0.40219.1
Project("{FAE04EC0-301F-11D3-BF4B-00C04F79EFBC}") = "SocialNetworkWithSignalR", "SocialNetworkWithSignalR\SocialNetworkWithSignalR.csproj", "{89F765A6-A724-4471-8926-FC18BC61FC02}"
EndProject
Global
	GlobalSection(SolutionConfigurationPlatforms) = preSolution
		Debug|Any CPU = Debug|Any CPU
		Release|Any CPU = Release|Any CPU
	EndGlobalSection
	GlobalSection(ProjectConfigurationPlatforms) = postSolution
		{89F765A6-A724-4471-8926-FC18BC61FC02}.Debug|Any CPU.ActiveCfg = Debug|Any CPU
		{89F765A6-A724-4471-8926-FC18BC61FC02}.Debug|Any CPU.Build.0 = Debug|Any CPU
		{89F765A6-A724-4471-8926-FC18BC61FC02}.Release|Any CPU.ActiveCfg = Release|Any CPU
		{89F765A6-A724-4471-8926-FC18BC61FC02}.Release|Any CPU.Build.0 = Release|Any CPU
	EndGlobalSection
	GlobalSection(SolutionProperties) = preSolution
		HideSolutionNode = FALSE
	EndGlobalSection
	GlobalSection(ExtensibilityGlobals) = postSolution
		SolutionGuid = {84A19EA9-24E9-4231-8288-25BC024A4A9C}
	EndGlobalSection
EndGlobal
